// !$*UTF8*$!
{
	archiveVersion = 1;
	classes = {
	};
	objectVersion = 46;
	objects = {

/* Begin PBXBuildFile section */
		5B08C0751DEFB44100EE7EDC /* DropMenuButton.swift in Sources */ = {isa = PBXBuildFile; fileRef = 5B08C0741DEFB44100EE7EDC /* DropMenuButton.swift */; };
		5B34D2EA1DE645B400268C2C /* MatchCenterCollectionViewController.swift in Sources */ = {isa = PBXBuildFile; fileRef = 5B34D2E91DE645B400268C2C /* MatchCenterCollectionViewController.swift */; };
		5B34D2EC1DE6463500268C2C /* ScoreboardCell.swift in Sources */ = {isa = PBXBuildFile; fileRef = 5B34D2EB1DE6463500268C2C /* ScoreboardCell.swift */; };
		5B79ED3F1DD6288D000F0C26 /* APIController.swift in Sources */ = {isa = PBXBuildFile; fileRef = 5B79ED3E1DD6288D000F0C26 /* APIController.swift */; };
		5B79ED411DD62B03000F0C26 /* Player.swift in Sources */ = {isa = PBXBuildFile; fileRef = 5B79ED401DD62B03000F0C26 /* Player.swift */; };
		5B872A041DECA20A001CF668 /* PlayerMatchesCollectionViewController.swift in Sources */ = {isa = PBXBuildFile; fileRef = 5B872A031DECA20A001CF668 /* PlayerMatchesCollectionViewController.swift */; };
		5BC38F691DD6230000FB93AF /* AppDelegate.swift in Sources */ = {isa = PBXBuildFile; fileRef = 5BC38F681DD6230000FB93AF /* AppDelegate.swift */; };
		5BC38F6B1DD6230000FB93AF /* NewMatchViewController.swift in Sources */ = {isa = PBXBuildFile; fileRef = 5BC38F6A1DD6230000FB93AF /* NewMatchViewController.swift */; };
		5BC38F701DD6230000FB93AF /* Main.storyboard in Resources */ = {isa = PBXBuildFile; fileRef = 5BC38F6E1DD6230000FB93AF /* Main.storyboard */; };
		5BC38F721DD6230000FB93AF /* Assets.xcassets in Resources */ = {isa = PBXBuildFile; fileRef = 5BC38F711DD6230000FB93AF /* Assets.xcassets */; };
		5BC38F751DD6230000FB93AF /* LaunchScreen.storyboard in Resources */ = {isa = PBXBuildFile; fileRef = 5BC38F731DD6230000FB93AF /* LaunchScreen.storyboard */; };
		5BC38F7D1DD6261400FB93AF /* StandingsTableViewController.swift in Sources */ = {isa = PBXBuildFile; fileRef = 5BC38F7C1DD6261400FB93AF /* StandingsTableViewController.swift */; };
		5BD3D94D1DDE29D4007322B1 /* PlayerDetailViewController.swift in Sources */ = {isa = PBXBuildFile; fileRef = 5BD3D94C1DDE29D4007322B1 /* PlayerDetailViewController.swift */; };
		5BD3D94F1DDE39CD007322B1 /* Match.swift in Sources */ = {isa = PBXBuildFile; fileRef = 5BD3D94E1DDE39CD007322B1 /* Match.swift */; };
		5BD3D9511DDE3A92007322B1 /* APIResult.swift in Sources */ = {isa = PBXBuildFile; fileRef = 5BD3D9501DDE3A92007322B1 /* APIResult.swift */; };
		5BD75C611DF08860004CCF3D /* DropdownTableViewController.swift in Sources */ = {isa = PBXBuildFile; fileRef = 5BD75C601DF08860004CCF3D /* DropdownTableViewController.swift */; };
/* End PBXBuildFile section */

/* Begin PBXFileReference section */
		5B08C0741DEFB44100EE7EDC /* DropMenuButton.swift */ = {isa = PBXFileReference; fileEncoding = 4; lastKnownFileType = sourcecode.swift; path = DropMenuButton.swift; sourceTree = "<group>"; };
		5B34D2E91DE645B400268C2C /* MatchCenterCollectionViewController.swift */ = {isa = PBXFileReference; fileEncoding = 4; lastKnownFileType = sourcecode.swift; path = MatchCenterCollectionViewController.swift; sourceTree = "<group>"; };
		5B34D2EB1DE6463500268C2C /* ScoreboardCell.swift */ = {isa = PBXFileReference; fileEncoding = 4; lastKnownFileType = sourcecode.swift; path = ScoreboardCell.swift; sourceTree = "<group>"; };
		5B79ED3E1DD6288D000F0C26 /* APIController.swift */ = {isa = PBXFileReference; fileEncoding = 4; lastKnownFileType = sourcecode.swift; path = APIController.swift; sourceTree = "<group>"; };
		5B79ED401DD62B03000F0C26 /* Player.swift */ = {isa = PBXFileReference; fileEncoding = 4; lastKnownFileType = sourcecode.swift; path = Player.swift; sourceTree = "<group>"; };
		5B872A031DECA20A001CF668 /* PlayerMatchesCollectionViewController.swift */ = {isa = PBXFileReference; fileEncoding = 4; lastKnownFileType = sourcecode.swift; path = PlayerMatchesCollectionViewController.swift; sourceTree = "<group>"; };
		5BC38F651DD6230000FB93AF /* Pingboard.app */ = {isa = PBXFileReference; explicitFileType = wrapper.application; includeInIndex = 0; path = Pingboard.app; sourceTree = BUILT_PRODUCTS_DIR; };
		5BC38F681DD6230000FB93AF /* AppDelegate.swift */ = {isa = PBXFileReference; lastKnownFileType = sourcecode.swift; path = AppDelegate.swift; sourceTree = "<group>"; };
		5BC38F6A1DD6230000FB93AF /* NewMatchViewController.swift */ = {isa = PBXFileReference; lastKnownFileType = sourcecode.swift; path = NewMatchViewController.swift; sourceTree = "<group>"; };
		5BC38F6F1DD6230000FB93AF /* Base */ = {isa = PBXFileReference; lastKnownFileType = file.storyboard; name = Base; path = Base.lproj/Main.storyboard; sourceTree = "<group>"; };
		5BC38F711DD6230000FB93AF /* Assets.xcassets */ = {isa = PBXFileReference; lastKnownFileType = folder.assetcatalog; path = Assets.xcassets; sourceTree = "<group>"; };
		5BC38F741DD6230000FB93AF /* Base */ = {isa = PBXFileReference; lastKnownFileType = file.storyboard; name = Base; path = Base.lproj/LaunchScreen.storyboard; sourceTree = "<group>"; };
		5BC38F761DD6230000FB93AF /* Info.plist */ = {isa = PBXFileReference; lastKnownFileType = text.plist.xml; path = Info.plist; sourceTree = "<group>"; };
		5BC38F7C1DD6261400FB93AF /* StandingsTableViewController.swift */ = {isa = PBXFileReference; fileEncoding = 4; lastKnownFileType = sourcecode.swift; path = StandingsTableViewController.swift; sourceTree = "<group>"; };
		5BD3D94C1DDE29D4007322B1 /* PlayerDetailViewController.swift */ = {isa = PBXFileReference; fileEncoding = 4; lastKnownFileType = sourcecode.swift; path = PlayerDetailViewController.swift; sourceTree = "<group>"; };
		5BD3D94E1DDE39CD007322B1 /* Match.swift */ = {isa = PBXFileReference; fileEncoding = 4; lastKnownFileType = sourcecode.swift; path = Match.swift; sourceTree = "<group>"; };
		5BD3D9501DDE3A92007322B1 /* APIResult.swift */ = {isa = PBXFileReference; fileEncoding = 4; lastKnownFileType = sourcecode.swift; path = APIResult.swift; sourceTree = "<group>"; };
		5BD75C601DF08860004CCF3D /* DropdownTableViewController.swift */ = {isa = PBXFileReference; fileEncoding = 4; lastKnownFileType = sourcecode.swift; path = DropdownTableViewController.swift; sourceTree = "<group>"; };
/* End PBXFileReference section */

/* Begin PBXFrameworksBuildPhase section */
		5BC38F621DD6230000FB93AF /* Frameworks */ = {
			isa = PBXFrameworksBuildPhase;
			buildActionMask = 2147483647;
			files = (
			);
			runOnlyForDeploymentPostprocessing = 0;
		};
/* End PBXFrameworksBuildPhase section */

/* Begin PBXGroup section */
		5B34D2E81DE6234800268C2C /* Models */ = {
			isa = PBXGroup;
			children = (
				5B79ED401DD62B03000F0C26 /* Player.swift */,
				5BD3D94E1DDE39CD007322B1 /* Match.swift */,
				5BD3D9501DDE3A92007322B1 /* APIResult.swift */,
				5B34D2EB1DE6463500268C2C /* ScoreboardCell.swift */,
				5B08C0741DEFB44100EE7EDC /* DropMenuButton.swift */,
			);
			name = Models;
			sourceTree = "<group>";
		};
		5BC38F5C1DD622FF00FB93AF = {
			isa = PBXGroup;
			children = (
				5BC38F671DD6230000FB93AF /* Pingboard */,
				5BC38F661DD6230000FB93AF /* Products */,
			);
			sourceTree = "<group>";
		};
		5BC38F661DD6230000FB93AF /* Products */ = {
			isa = PBXGroup;
			children = (
				5BC38F651DD6230000FB93AF /* Pingboard.app */,
			);
			name = Products;
			sourceTree = "<group>";
		};
		5BC38F671DD6230000FB93AF /* Pingboard */ = {
			isa = PBXGroup;
			children = (
				5BC38F681DD6230000FB93AF /* AppDelegate.swift */,
				5BC38F7C1DD6261400FB93AF /* StandingsTableViewController.swift */,
				5B872A031DECA20A001CF668 /* PlayerMatchesCollectionViewController.swift */,
				5BC38F6A1DD6230000FB93AF /* NewMatchViewController.swift */,
				5BD75C601DF08860004CCF3D /* DropdownTableViewController.swift */,
				5B34D2E91DE645B400268C2C /* MatchCenterCollectionViewController.swift */,
				5B79ED3E1DD6288D000F0C26 /* APIController.swift */,
				5BD3D94C1DDE29D4007322B1 /* PlayerDetailViewController.swift */,
				5B34D2E81DE6234800268C2C /* Models */,
				5BC38F6E1DD6230000FB93AF /* Main.storyboard */,
				5BC38F711DD6230000FB93AF /* Assets.xcassets */,
				5BC38F731DD6230000FB93AF /* LaunchScreen.storyboard */,
				5BC38F761DD6230000FB93AF /* Info.plist */,
			);
			path = Pingboard;
			sourceTree = "<group>";
		};
/* End PBXGroup section */

/* Begin PBXNativeTarget section */
		5BC38F641DD6230000FB93AF /* Pingboard */ = {
			isa = PBXNativeTarget;
			buildConfigurationList = 5BC38F791DD6230000FB93AF /* Build configuration list for PBXNativeTarget "Pingboard" */;
			buildPhases = (
				5BC38F611DD6230000FB93AF /* Sources */,
				5BC38F621DD6230000FB93AF /* Frameworks */,
				5BC38F631DD6230000FB93AF /* Resources */,
			);
			buildRules = (
			);
			dependencies = (
			);
			name = Pingboard;
			productName = Pingboard;
			productReference = 5BC38F651DD6230000FB93AF /* Pingboard.app */;
			productType = "com.apple.product-type.application";
		};
/* End PBXNativeTarget section */

/* Begin PBXProject section */
		5BC38F5D1DD6230000FB93AF /* Project object */ = {
			isa = PBXProject;
			attributes = {
				LastSwiftUpdateCheck = 0800;
				LastUpgradeCheck = 0800;
				ORGANIZATIONNAME = "The Iron Yard";
				TargetAttributes = {
					5BC38F641DD6230000FB93AF = {
						CreatedOnToolsVersion = 8.0;
						DevelopmentTeam = NTJUS326KK;
						ProvisioningStyle = Automatic;
					};
				};
			};
			buildConfigurationList = 5BC38F601DD6230000FB93AF /* Build configuration list for PBXProject "Pingboard" */;
			compatibilityVersion = "Xcode 3.2";
			developmentRegion = English;
			hasScannedForEncodings = 0;
			knownRegions = (
				en,
				Base,
			);
			mainGroup = 5BC38F5C1DD622FF00FB93AF;
			productRefGroup = 5BC38F661DD6230000FB93AF /* Products */;
			projectDirPath = "";
			projectRoot = "";
			targets = (
				5BC38F641DD6230000FB93AF /* Pingboard */,
			);
		};
/* End PBXProject section */

/* Begin PBXResourcesBuildPhase section */
		5BC38F631DD6230000FB93AF /* Resources */ = {
			isa = PBXResourcesBuildPhase;
			buildActionMask = 2147483647;
			files = (
				5BC38F751DD6230000FB93AF /* LaunchScreen.storyboard in Resources */,
				5BC38F721DD6230000FB93AF /* Assets.xcassets in Resources */,
				5BC38F701DD6230000FB93AF /* Main.storyboard in Resources */,
			);
			runOnlyForDeploymentPostprocessing = 0;
		};
/* End PBXResourcesBuildPhase section */

/* Begin PBXSourcesBuildPhase section */
		5BC38F611DD6230000FB93AF /* Sources */ = {
			isa = PBXSourcesBuildPhase;
			buildActionMask = 2147483647;
			files = (
				5BD3D9511DDE3A92007322B1 /* APIResult.swift in Sources */,
				5BC38F691DD6230000FB93AF /* AppDelegate.swift in Sources */,
				5BD3D94F1DDE39CD007322B1 /* Match.swift in Sources */,
				5BC38F6B1DD6230000FB93AF /* NewMatchViewController.swift in Sources */,
				5BD75C611DF08860004CCF3D /* DropdownTableViewController.swift in Sources */,
				5BC38F7D1DD6261400FB93AF /* StandingsTableViewController.swift in Sources */,
				5BD3D94D1DDE29D4007322B1 /* PlayerDetailViewController.swift in Sources */,
				5B34D2EC1DE6463500268C2C /* ScoreboardCell.swift in Sources */,
				5B79ED411DD62B03000F0C26 /* Player.swift in Sources */,
				5B34D2EA1DE645B400268C2C /* MatchCenterCollectionViewController.swift in Sources */,
				5B08C0751DEFB44100EE7EDC /* DropMenuButton.swift in Sources */,
				5B872A041DECA20A001CF668 /* PlayerMatchesCollectionViewController.swift in Sources */,
				5B79ED3F1DD6288D000F0C26 /* APIController.swift in Sources */,
			);
			runOnlyForDeploymentPostprocessing = 0;
		};
/* End PBXSourcesBuildPhase section */

/* Begin PBXVariantGroup section */
		5BC38F6E1DD6230000FB93AF /* Main.storyboard */ = {
			isa = PBXVariantGroup;
			children = (
				5BC38F6F1DD6230000FB93AF /* Base */,
			);
			name = Main.storyboard;
			sourceTree = "<group>";
		};
		5BC38F731DD6230000FB93AF /* LaunchScreen.storyboard */ = {
			isa = PBXVariantGroup;
			children = (
				5BC38F741DD6230000FB93AF /* Base */,
			);
			name = LaunchScreen.storyboard;
			sourceTree = "<group>";
		};
/* End PBXVariantGroup section */

/* Begin XCBuildConfiguration section */
		5BC38F771DD6230000FB93AF /* Debug */ = {
			isa = XCBuildConfiguration;
			buildSettings = {
				ALWAYS_SEARCH_USER_PATHS = NO;
				CLANG_ANALYZER_NONNULL = YES;
				CLANG_CXX_LANGUAGE_STANDARD = "gnu++0x";
				CLANG_CXX_LIBRARY = "libc++";
				CLANG_ENABLE_MODULES = YES;
				CLANG_ENABLE_OBJC_ARC = YES;
				CLANG_WARN_BOOL_CONVERSION = YES;
				CLANG_WARN_CONSTANT_CONVERSION = YES;
				CLANG_WARN_DIRECT_OBJC_ISA_USAGE = YES_ERROR;
				CLANG_WARN_DOCUMENTATION_COMMENTS = YES;
				CLANG_WARN_EMPTY_BODY = YES;
				CLANG_WARN_ENUM_CONVERSION = YES;
				CLANG_WARN_INFINITE_RECURSION = YES;
				CLANG_WARN_INT_CONVERSION = YES;
				CLANG_WARN_OBJC_ROOT_CLASS = YES_ERROR;
				CLANG_WARN_SUSPICIOUS_MOVES = YES;
				CLANG_WARN_UNREACHABLE_CODE = YES;
				CLANG_WARN__DUPLICATE_METHOD_MATCH = YES;
				"CODE_SIGN_IDENTITY[sdk=iphoneos*]" = "iPhone Developer";
				COPY_PHASE_STRIP = NO;
				DEBUG_INFORMATION_FORMAT = dwarf;
				ENABLE_STRICT_OBJC_MSGSEND = YES;
				ENABLE_TESTABILITY = YES;
				GCC_C_LANGUAGE_STANDARD = gnu99;
				GCC_DYNAMIC_NO_PIC = NO;
				GCC_NO_COMMON_BLOCKS = YES;
				GCC_OPTIMIZATION_LEVEL = 0;
				GCC_PREPROCESSOR_DEFINITIONS = (
					"DEBUG=1",
					"$(inherited)",
				);
				GCC_WARN_64_TO_32_BIT_CONVERSION = YES;
				GCC_WARN_ABOUT_RETURN_TYPE = YES_ERROR;
				GCC_WARN_UNDECLARED_SELECTOR = YES;
				GCC_WARN_UNINITIALIZED_AUTOS = YES_AGGRESSIVE;
				GCC_WARN_UNUSED_FUNCTION = YES;
				GCC_WARN_UNUSED_VARIABLE = YES;
				IPHONEOS_DEPLOYMENT_TARGET = 10.0;
				MTL_ENABLE_DEBUG_INFO = YES;
				ONLY_ACTIVE_ARCH = YES;
				SDKROOT = iphoneos;
				SWIFT_ACTIVE_COMPILATION_CONDITIONS = DEBUG;
				SWIFT_OPTIMIZATION_LEVEL = "-Onone";
				TARGETED_DEVICE_FAMILY = "1,2";
			};
			name = Debug;
		};
		5BC38F781DD6230000FB93AF /* Release */ = {
			isa = XCBuildConfiguration;
			buildSettings = {
				ALWAYS_SEARCH_USER_PATHS = NO;
				CLANG_ANALYZER_NONNULL = YES;
				CLANG_CXX_LANGUAGE_STANDARD = "gnu++0x";
				CLANG_CXX_LIBRARY = "libc++";
				CLANG_ENABLE_MODULES = YES;
				CLANG_ENABLE_OBJC_ARC = YES;
				CLANG_WARN_BOOL_CONVERSION = YES;
				CLANG_WARN_CONSTANT_CONVERSION = YES;
				CLANG_WARN_DIRECT_OBJC_ISA_USAGE = YES_ERROR;
				CLANG_WARN_DOCUMENTATION_COMMENTS = YES;
				CLANG_WARN_EMPTY_BODY = YES;
				CLANG_WARN_ENUM_CONVERSION = YES;
				CLANG_WARN_INFINITE_RECURSION = YES;
				CLANG_WARN_INT_CONVERSION = YES;
				CLANG_WARN_OBJC_ROOT_CLASS = YES_ERROR;
				CLANG_WARN_SUSPICIOUS_MOVES = YES;
				CLANG_WARN_UNREACHABLE_CODE = YES;
				CLANG_WARN__DUPLICATE_METHOD_MATCH = YES;
				"CODE_SIGN_IDENTITY[sdk=iphoneos*]" = "iPhone Developer";
				COPY_PHASE_STRIP = NO;
				DEBUG_INFORMATION_FORMAT = "dwarf-with-dsym";
				ENABLE_NS_ASSERTIONS = NO;
				ENABLE_STRICT_OBJC_MSGSEND = YES;
				GCC_C_LANGUAGE_STANDARD = gnu99;
				GCC_NO_COMMON_BLOCKS = YES;
				GCC_WARN_64_TO_32_BIT_CONVERSION = YES;
				GCC_WARN_ABOUT_RETURN_TYPE = YES_ERROR;
				GCC_WARN_UNDECLARED_SELECTOR = YES;
				GCC_WARN_UNINITIALIZED_AUTOS = YES_AGGRESSIVE;
				GCC_WARN_UNUSED_FUNCTION = YES;
				GCC_WARN_UNUSED_VARIABLE = YES;
				IPHONEOS_DEPLOYMENT_TARGET = 10.0;
				MTL_ENABLE_DEBUG_INFO = NO;
				SDKROOT = iphoneos;
				SWIFT_OPTIMIZATION_LEVEL = "-Owholemodule";
				TARGETED_DEVICE_FAMILY = "1,2";
				VALIDATE_PRODUCT = YES;
			};
			name = Release;
		};
		5BC38F7A1DD6230000FB93AF /* Debug */ = {
			isa = XCBuildConfiguration;
			buildSettings = {
				ASSETCATALOG_COMPILER_APPICON_NAME = AppIcon;
				DEVELOPMENT_TEAM = NTJUS326KK;
				INFOPLIST_FILE = Pingboard/Info.plist;
				LD_RUNPATH_SEARCH_PATHS = "$(inherited) @executable_path/Frameworks";
				PRODUCT_BUNDLE_IDENTIFIER = com.tiy.Pingboard;
				PRODUCT_NAME = "$(TARGET_NAME)";
				SWIFT_VERSION = 3.0;
			};
			name = Debug;
		};
		5BC38F7B1DD6230000FB93AF /* Release */ = {
			isa = XCBuildConfiguration;
			buildSettings = {
				ASSETCATALOG_COMPILER_APPICON_NAME = AppIcon;
				DEVELOPMENT_TEAM = NTJUS326KK;
				INFOPLIST_FILE = Pingboard/Info.plist;
				LD_RUNPATH_SEARCH_PATHS = "$(inherited) @executable_path/Frameworks";
				PRODUCT_BUNDLE_IDENTIFIER = com.tiy.Pingboard;
				PRODUCT_NAME = "$(TARGET_NAME)";
				SWIFT_VERSION = 3.0;
			};
			name = Release;
		};
/* End XCBuildConfiguration section */

/* Begin XCConfigurationList section */
		5BC38F601DD6230000FB93AF /* Build configuration list for PBXProject "Pingboard" */ = {
			isa = XCConfigurationList;
			buildConfigurations = (
				5BC38F771DD6230000FB93AF /* Debug */,
				5BC38F781DD6230000FB93AF /* Release */,
			);
			defaultConfigurationIsVisible = 0;
			defaultConfigurationName = Release;
		};
		5BC38F791DD6230000FB93AF /* Build configuration list for PBXNativeTarget "Pingboard" */ = {
			isa = XCConfigurationList;
			buildConfigurations = (
				5BC38F7A1DD6230000FB93AF /* Debug */,
				5BC38F7B1DD6230000FB93AF /* Release */,
			);
			defaultConfigurationIsVisible = 0;
			defaultConfigurationName = Release;
		};
/* End XCConfigurationList section */
	};
	rootObject = 5BC38F5D1DD6230000FB93AF /* Project object */;
}
